// !$*UTF8*$!
{
	archiveVersion = 1;
	classes = {
	};
	objectVersion = 46;
	objects = {

/* Begin PBXBuildFile section */
		AAF07AE01A24A57E00934D63 /* AppDelegate.swift in Sources */ = {isa = PBXBuildFile; fileRef = AAF07ADF1A24A57E00934D63 /* AppDelegate.swift */; };
		AAF07AE21A24A57E00934D63 /* ViewController.swift in Sources */ = {isa = PBXBuildFile; fileRef = AAF07AE11A24A57E00934D63 /* ViewController.swift */; };
		AAF07AE71A24A57E00934D63 /* Images.xcassets in Resources */ = {isa = PBXBuildFile; fileRef = AAF07AE61A24A57E00934D63 /* Images.xcassets */; };
		AAF07AEA1A24A57E00934D63 /* LaunchScreen.xib in Resources */ = {isa = PBXBuildFile; fileRef = AAF07AE81A24A57E00934D63 /* LaunchScreen.xib */; };
		AAF07AF61A24A57E00934D63 /* returnTests.swift in Sources */ = {isa = PBXBuildFile; fileRef = AAF07AF51A24A57E00934D63 /* returnTests.swift */; };
/* End PBXBuildFile section */

/* Begin PBXContainerItemProxy section */
		AAF07AF01A24A57E00934D63 /* PBXContainerItemProxy */ = {
			isa = PBXContainerItemProxy;
			containerPortal = AAF07AD21A24A57E00934D63 /* Project object */;
			proxyType = 1;
			remoteGlobalIDString = AAF07AD91A24A57E00934D63;
			remoteInfo = return;
		};
/* End PBXContainerItemProxy section */

/* Begin PBXFileReference section */
		AAF07ADA1A24A57E00934D63 /* return.app */ = {isa = PBXFileReference; explicitFileType = wrapper.application; includeInIndex = 0; path = return.app; sourceTree = BUILT_PRODUCTS_DIR; };
		AAF07ADE1A24A57E00934D63 /* Info.plist */ = {isa = PBXFileReference; lastKnownFileType = text.plist.xml; path = Info.plist; sourceTree = "<group>"; };
		AAF07ADF1A24A57E00934D63 /* AppDelegate.swift */ = {isa = PBXFileReference; lastKnownFileType = sourcecode.swift; path = AppDelegate.swift; sourceTree = "<group>"; };
		AAF07AE11A24A57E00934D63 /* ViewController.swift */ = {isa = PBXFileReference; lastKnownFileType = sourcecode.swift; path = ViewController.swift; sourceTree = "<group>"; };
		AAF07AE61A24A57E00934D63 /* Images.xcassets */ = {isa = PBXFileReference; lastKnownFileType = folder.assetcatalog; path = Images.xcassets; sourceTree = "<group>"; };
		AAF07AE91A24A57E00934D63 /* Base */ = {isa = PBXFileReference; lastKnownFileType = file.xib; name = Base; path = Base.lproj/LaunchScreen.xib; sourceTree = "<group>"; };
		AAF07AEF1A24A57E00934D63 /* returnTests.xctest */ = {isa = PBXFileReference; explicitFileType = wrapper.cfbundle; includeInIndex = 0; path = returnTests.xctest; sourceTree = BUILT_PRODUCTS_DIR; };
		AAF07AF41A24A57E00934D63 /* Info.plist */ = {isa = PBXFileReference; lastKnownFileType = text.plist.xml; path = Info.plist; sourceTree = "<group>"; };
		AAF07AF51A24A57E00934D63 /* returnTests.swift */ = {isa = PBXFileReference; lastKnownFileType = sourcecode.swift; path = returnTests.swift; sourceTree = "<group>"; };
/* End PBXFileReference section */

/* Begin PBXFrameworksBuildPhase section */
		AAF07AD71A24A57E00934D63 /* Frameworks */ = {
			isa = PBXFrameworksBuildPhase;
			buildActionMask = 2147483647;
			files = (
			);
			runOnlyForDeploymentPostprocessing = 0;
		};
		AAF07AEC1A24A57E00934D63 /* Frameworks */ = {
			isa = PBXFrameworksBuildPhase;
			buildActionMask = 2147483647;
			files = (
			);
			runOnlyForDeploymentPostprocessing = 0;
		};
/* End PBXFrameworksBuildPhase section */

/* Begin PBXGroup section */
		AAF07AD11A24A57E00934D63 = {
			isa = PBXGroup;
			children = (
				AAF07ADC1A24A57E00934D63 /* return */,
				AAF07AF21A24A57E00934D63 /* returnTests */,
				AAF07ADB1A24A57E00934D63 /* Products */,
			);
			sourceTree = "<group>";
		};
		AAF07ADB1A24A57E00934D63 /* Products */ = {
			isa = PBXGroup;
			children = (
				AAF07ADA1A24A57E00934D63 /* return.app */,
				AAF07AEF1A24A57E00934D63 /* returnTests.xctest */,
			);
			name = Products;
			sourceTree = "<group>";
		};
		AAF07ADC1A24A57E00934D63 /* return */ = {
			isa = PBXGroup;
			children = (
				AAF07ADF1A24A57E00934D63 /* AppDelegate.swift */,
				AAF07AE11A24A57E00934D63 /* ViewController.swift */,
				AAF07AE61A24A57E00934D63 /* Images.xcassets */,
				AAF07AE81A24A57E00934D63 /* LaunchScreen.xib */,
				AAF07ADD1A24A57E00934D63 /* Supporting Files */,
			);
			path = return;
			sourceTree = "<group>";
		};
		AAF07ADD1A24A57E00934D63 /* Supporting Files */ = {
			isa = PBXGroup;
			children = (
				AAF07ADE1A24A57E00934D63 /* Info.plist */,
			);
			name = "Supporting Files";
			sourceTree = "<group>";
		};
		AAF07AF21A24A57E00934D63 /* returnTests */ = {
			isa = PBXGroup;
			children = (
				AAF07AF51A24A57E00934D63 /* returnTests.swift */,
				AAF07AF31A24A57E00934D63 /* Supporting Files */,
			);
			path = returnTests;
			sourceTree = "<group>";
		};
		AAF07AF31A24A57E00934D63 /* Supporting Files */ = {
			isa = PBXGroup;
			children = (
				AAF07AF41A24A57E00934D63 /* Info.plist */,
			);
			name = "Supporting Files";
			sourceTree = "<group>";
		};
/* End PBXGroup section */

/* Begin PBXNativeTarget section */
		AAF07AD91A24A57E00934D63 /* return */ = {
			isa = PBXNativeTarget;
			buildConfigurationList = AAF07AF91A24A57E00934D63 /* Build configuration list for PBXNativeTarget "return" */;
			buildPhases = (
				AAF07AD61A24A57E00934D63 /* Sources */,
				AAF07AD71A24A57E00934D63 /* Frameworks */,
				AAF07AD81A24A57E00934D63 /* Resources */,
			);
			buildRules = (
			);
			dependencies = (
			);
			name = return;
			productName = return;
			productReference = AAF07ADA1A24A57E00934D63 /* return.app */;
			productType = "com.apple.product-type.application";
		};
		AAF07AEE1A24A57E00934D63 /* returnTests */ = {
			isa = PBXNativeTarget;
			buildConfigurationList = AAF07AFC1A24A57E00934D63 /* Build configuration list for PBXNativeTarget "returnTests" */;
			buildPhases = (
				AAF07AEB1A24A57E00934D63 /* Sources */,
				AAF07AEC1A24A57E00934D63 /* Frameworks */,
				AAF07AED1A24A57E00934D63 /* Resources */,
			);
			buildRules = (
			);
			dependencies = (
				AAF07AF11A24A57E00934D63 /* PBXTargetDependency */,
			);
			name = returnTests;
			productName = returnTests;
			productReference = AAF07AEF1A24A57E00934D63 /* returnTests.xctest */;
			productType = "com.apple.product-type.bundle.unit-test";
		};
/* End PBXNativeTarget section */

/* Begin PBXProject section */
		AAF07AD21A24A57E00934D63 /* Project object */ = {
			isa = PBXProject;
			attributes = {
				LastUpgradeCheck = 0610;
				ORGANIZATIONNAME = kayama;
				TargetAttributes = {
					AAF07AD91A24A57E00934D63 = {
						CreatedOnToolsVersion = 6.1;
					};
					AAF07AEE1A24A57E00934D63 = {
						CreatedOnToolsVersion = 6.1;
						TestTargetID = AAF07AD91A24A57E00934D63;
					};
				};
			};
			buildConfigurationList = AAF07AD51A24A57E00934D63 /* Build configuration list for PBXProject "return" */;
			compatibilityVersion = "Xcode 3.2";
			developmentRegion = English;
			hasScannedForEncodings = 0;
			knownRegions = (
				en,
				Base,
			);
			mainGroup = AAF07AD11A24A57E00934D63;
			productRefGroup = AAF07ADB1A24A57E00934D63 /* Products */;
			projectDirPath = "";
			projectRoot = "";
			targets = (
				AAF07AD91A24A57E00934D63 /* return */,
				AAF07AEE1A24A57E00934D63 /* returnTests */,
			);
		};
/* End PBXProject section */

/* Begin PBXResourcesBuildPhase section */
		AAF07AD81A24A57E00934D63 /* Resources */ = {
			isa = PBXResourcesBuildPhase;
			buildActionMask = 2147483647;
			files = (
				AAF07AEA1A24A57E00934D63 /* LaunchScreen.xib in Resources */,
				AAF07AE71A24A57E00934D63 /* Images.xcassets in Resources */,
			);
			runOnlyForDeploymentPostprocessing = 0;
		};
		AAF07AED1A24A57E00934D63 /* Resources */ = {
			isa = PBXResourcesBuildPhase;
			buildActionMask = 2147483647;
			files = (
			);
			runOnlyForDeploymentPostprocessing = 0;
		};
/* End PBXResourcesBuildPhase section */

/* Begin PBXSourcesBuildPhase section */
		AAF07AD61A24A57E00934D63 /* Sources */ = {
			isa = PBXSourcesBuildPhase;
			buildActionMask = 2147483647;
			files = (
				AAF07AE21A24A57E00934D63 /* ViewController.swift in Sources */,
				AAF07AE01A24A57E00934D63 /* AppDelegate.swift in Sources */,
			);
			runOnlyForDeploymentPostprocessing = 0;
		};
		AAF07AEB1A24A57E00934D63 /* Sources */ = {
			isa = PBXSourcesBuildPhase;
			buildActionMask = 2147483647;
			files = (
				AAF07AF61A24A57E00934D63 /* returnTests.swift in Sources */,
			);
			runOnlyForDeploymentPostprocessing = 0;
		};
/* End PBXSourcesBuildPhase section */

/* Begin PBXTargetDependency section */
		AAF07AF11A24A57E00934D63 /* PBXTargetDependency */ = {
			isa = PBXTargetDependency;
			target = AAF07AD91A24A57E00934D63 /* return */;
			targetProxy = AAF07AF01A24A57E00934D63 /* PBXContainerItemProxy */;
		};
/* End PBXTargetDependency section */

/* Begin PBXVariantGroup section */
		AAF07AE81A24A57E00934D63 /* LaunchScreen.xib */ = {
			isa = PBXVariantGroup;
			children = (
				AAF07AE91A24A57E00934D63 /* Base */,
			);
			name = LaunchScreen.xib;
			sourceTree = "<group>";
		};
/* End PBXVariantGroup section */

/* Begin XCBuildConfiguration section */
		AAF07AF71A24A57E00934D63 /* Debug */ = {
			isa = XCBuildConfiguration;
			buildSettings = {
				ALWAYS_SEARCH_USER_PATHS = NO;
				CLANG_CXX_LANGUAGE_STANDARD = "gnu++0x";
				CLANG_CXX_LIBRARY = "libc++";
				CLANG_ENABLE_MODULES = YES;
				CLANG_ENABLE_OBJC_ARC = YES;
				CLANG_WARN_BOOL_CONVERSION = YES;
				CLANG_WARN_CONSTANT_CONVERSION = YES;
				CLANG_WARN_DIRECT_OBJC_ISA_USAGE = YES_ERROR;
				CLANG_WARN_EMPTY_BODY = YES;
				CLANG_WARN_ENUM_CONVERSION = YES;
				CLANG_WARN_INT_CONVERSION = YES;
				CLANG_WARN_OBJC_ROOT_CLASS = YES_ERROR;
				CLANG_WARN_UNREACHABLE_CODE = YES;
				CLANG_WARN__DUPLICATE_METHOD_MATCH = YES;
				"CODE_SIGN_IDENTITY[sdk=iphoneos*]" = "iPhone Developer";
				COPY_PHASE_STRIP = NO;
				ENABLE_STRICT_OBJC_MSGSEND = YES;
				GCC_C_LANGUAGE_STANDARD = gnu99;
				GCC_DYNAMIC_NO_PIC = NO;
				GCC_OPTIMIZATION_LEVEL = 0;
				GCC_PREPROCESSOR_DEFINITIONS = (
					"DEBUG=1",
					"$(inherited)",
				);
				GCC_SYMBOLS_PRIVATE_EXTERN = NO;
				GCC_WARN_64_TO_32_BIT_CONVERSION = YES;
				GCC_WARN_ABOUT_RETURN_TYPE = YES_ERROR;
				GCC_WARN_UNDECLARED_SELECTOR = YES;
				GCC_WARN_UNINITIALIZED_AUTOS = YES_AGGRESSIVE;
				GCC_WARN_UNUSED_FUNCTION = YES;
				GCC_WARN_UNUSED_VARIABLE = YES;
				IPHONEOS_DEPLOYMENT_TARGET = 8.1;
				MTL_ENABLE_DEBUG_INFO = YES;
				ONLY_ACTIVE_ARCH = YES;
				SDKROOT = iphoneos;
				SWIFT_OPTIMIZATION_LEVEL = "-Onone";
			};
			name = Debug;
		};
		AAF07AF81A24A57E00934D63 /* Release */ = {
			isa = XCBuildConfiguration;
			buildSettings = {
				ALWAYS_SEARCH_USER_PATHS = NO;
				CLANG_CXX_LANGUAGE_STANDARD = "gnu++0x";
				CLANG_CXX_LIBRARY = "libc++";
				CLANG_ENABLE_MODULES = YES;
				CLANG_ENABLE_OBJC_ARC = YES;
				CLANG_WARN_BOOL_CONVERSION = YES;
				CLANG_WARN_CONSTANT_CONVERSION = YES;
				CLANG_WARN_DIRECT_OBJC_ISA_USAGE = YES_ERROR;
				CLANG_WARN_EMPTY_BODY = YES;
				CLANG_WARN_ENUM_CONVERSION = YES;
				CLANG_WARN_INT_CONVERSION = YES;
				CLANG_WARN_OBJC_ROOT_CLASS = YES_ERROR;
				CLANG_WARN_UNREACHABLE_CODE = YES;
				CLANG_WARN__DUPLICATE_METHOD_MATCH = YES;
				"CODE_SIGN_IDENTITY[sdk=iphoneos*]" = "iPhone Developer";
				COPY_PHASE_STRIP = YES;
				ENABLE_NS_ASSERTIONS = NO;
				ENABLE_STRICT_OBJC_MSGSEND = YES;
				GCC_C_LANGUAGE_STANDARD = gnu99;
				GCC_WARN_64_TO_32_BIT_CONVERSION = YES;
				GCC_WARN_ABOUT_RETURN_TYPE = YES_ERROR;
				GCC_WARN_UNDECLARED_SELECTOR = YES;
				GCC_WARN_UNINITIALIZED_AUTOS = YES_AGGRESSIVE;
				GCC_WARN_UNUSED_FUNCTION = YES;
				GCC_WARN_UNUSED_VARIABLE = YES;
				IPHONEOS_DEPLOYMENT_TARGET = 8.1;
				MTL_ENABLE_DEBUG_INFO = NO;
				SDKROOT = iphoneos;
				VALIDATE_PRODUCT = YES;
			};
			name = Release;
		};
		AAF07AFA1A24A57E00934D63 /* Debug */ = {
			isa = XCBuildConfiguration;
			buildSettings = {
				ASSETCATALOG_COMPILER_APPICON_NAME = AppIcon;
				INFOPLIST_FILE = return/Info.plist;
				LD_RUNPATH_SEARCH_PATHS = "$(inherited) @executable_path/Frameworks";
				PRODUCT_NAME = "$(TARGET_NAME)";
			};
			name = Debug;
		};
		AAF07AFB1A24A57E00934D63 /* Release */ = {
			isa = XCBuildConfiguration;
			buildSettings = {
				ASSETCATALOG_COMPILER_APPICON_NAME = AppIcon;
				INFOPLIST_FILE = return/Info.plist;
				LD_RUNPATH_SEARCH_PATHS = "$(inherited) @executable_path/Frameworks";
				PRODUCT_NAME = "$(TARGET_NAME)";
			};
			name = Release;
		};
		AAF07AFD1A24A57E00934D63 /* Debug */ = {
			isa = XCBuildConfiguration;
			buildSettings = {
				BUNDLE_LOADER = "$(TEST_HOST)";
				FRAMEWORK_SEARCH_PATHS = (
					"$(SDKROOT)/Developer/Library/Frameworks",
					"$(inherited)",
				);
				GCC_PREPROCESSOR_DEFINITIONS = (
					"DEBUG=1",
					"$(inherited)",
				);
				INFOPLIST_FILE = returnTests/Info.plist;
				LD_RUNPATH_SEARCH_PATHS = "$(inherited) @executable_path/Frameworks @loader_path/Frameworks";
				PRODUCT_NAME = "$(TARGET_NAME)";
				TEST_HOST = "$(BUILT_PRODUCTS_DIR)/return.app/return";
			};
			name = Debug;
		};
		AAF07AFE1A24A57E00934D63 /* Release */ = {
			isa = XCBuildConfiguration;
			buildSettings = {
				BUNDLE_LOADER = "$(TEST_HOST)";
				FRAMEWORK_SEARCH_PATHS = (
					"$(SDKROOT)/Developer/Library/Frameworks",
					"$(inherited)",
				);
				INFOPLIST_FILE = returnTests/Info.plist;
				LD_RUNPATH_SEARCH_PATHS = "$(inherited) @executable_path/Frameworks @loader_path/Frameworks";
				PRODUCT_NAME = "$(TARGET_NAME)";
				TEST_HOST = "$(BUILT_PRODUCTS_DIR)/return.app/return";
			};
			name = Release;
		};
/* End XCBuildConfiguration section */

/* Begin XCConfigurationList section */
		AAF07AD51A24A57E00934D63 /* Build configuration list for PBXProject "return" */ = {
			isa = XCConfigurationList;
			buildConfigurations = (
				AAF07AF71A24A57E00934D63 /* Debug */,
				AAF07AF81A24A57E00934D63 /* Release */,
			);
			defaultConfigurationIsVisible = 0;
			defaultConfigurationName = Release;
		};
		AAF07AF91A24A57E00934D63 /* Build configuration list for PBXNativeTarget "return" */ = {
			isa = XCConfigurationList;
			buildConfigurations = (
				AAF07AFA1A24A57E00934D63 /* Debug */,
				AAF07AFB1A24A57E00934D63 /* Release */,
			);
			defaultConfigurationIsVisible = 0;
		};
		AAF07AFC1A24A57E00934D63 /* Build configuration list for PBXNativeTarget "returnTests" */ = {
			isa = XCConfigurationList;
			buildConfigurations = (
				AAF07AFD1A24A57E00934D63 /* Debug */,
				AAF07AFE1A24A57E00934D63 /* Release */,
			);
			defaultConfigurationIsVisible = 0;
		};
/* End XCConfigurationList section */
	};
	rootObject = AAF07AD21A24A57E00934D63 /* Project object */;
}
